lockfileVersion: 5.4

specifiers:
  debug: ^4.3.4
  proxy: ^1.0.2

dependencies:
  debug: 4.3.4
  proxy: 1.0.2

packages:

  /ansi-styles/3.2.1:
    resolution: {integrity: sha512-VT0ZI6kZRdTh8YyJw3SMbYm/u+NqfsAxEpWO0Pf9sq8/e94WxxOpPKx9FR1FlyCtOVDNOQ+8ntlqFxiRc+r5qA==}
    engines: {node: '>=4'}
    dependencies:
      color-convert: 1.9.3
    dev: false

  /args/5.0.1:
    resolution: {integrity: sha512-1kqmFCFsPffavQFGt8OxJdIcETti99kySRUPMpOhaGjL6mRJn8HFU1OxKY5bMqfZKUwTQc1mZkAjmGYaVOHFtQ==}
    engines: {node: '>= 6.0.0'}
    dependencies:
      camelcase: 5.0.0
      chalk: 2.4.2
      leven: 2.1.0
      mri: 1.1.4
    dev: false

  /basic-auth-parser/0.0.2:
    resolution: {integrity: sha512-Y7OBvWn+JnW45JWHLY6ybYub2k9cXCMrtCyO1Hds2s6eqClqWhPnOQpgXUPjAiMHj+A8TEPIQQ1dYENnJoBOHQ==}
    dev: false

  /camelcase/5.0.0:
    resolution: {integrity: sha512-faqwZqnWxbxn+F1d399ygeamQNy3lPp/H9H6rNrqYh4FSVCtcY+3cub1MxA8o9mDd55mM8Aghuu/kuyYA6VTsA==}
    engines: {node: '>=6'}
    dev: false

  /chalk/2.4.2:
    resolution: {integrity: sha512-Mti+f9lpJNcwF4tWV8/OrTTtF1gZi+f8FqlyAdouralcFWFQWF2+NgCHShjkCb+IFBLq9buZwE1xckQU4peSuQ==}
    engines: {node: '>=4'}
    dependencies:
      ansi-styles: 3.2.1
      escape-string-regexp: 1.0.5
      supports-color: 5.5.0
    dev: false

  /color-convert/1.9.3:
    resolution: {integrity: sha512-QfAUtd+vFdAtFQcC8CCyYt1fYWxSqAiK2cSD6zDB8N3cpsEBAvRxp9zOGg6G/SHHJYAT88/az/IuDGALsNVbGg==}
    dependencies:
      color-name: 1.1.3
    dev: false

  /color-name/1.1.3:
    resolution: {integrity: sha512-72fSenhMw2HZMTVHeCA9KCmpEIbzWiQsjN+BHcBbS9vr1mtt+vJjPdksIBNUmKAW8TFUDPJK5SUU3QhE9NEXDw==}
    dev: false

  /debug/4.3.4:
    resolution: {integrity: sha512-PRWFHuSU3eDtQJPvnNY7Jcket1j0t5OuOsFzPPzsekD52Zl8qUfFIPEiswXqIvHWGVHOgX+7G/vCNNhehwxfkQ==}
    engines: {node: '>=6.0'}
    peerDependencies:
      supports-color: '*'
    peerDependenciesMeta:
      supports-color:
        optional: true
    dependencies:
      ms: 2.1.2
    dev: false

  /escape-string-regexp/1.0.5:
    resolution: {integrity: sha512-vbRorB5FUQWvla16U8R/qgaFIya2qGzwDrNmCZuYKrbdSUMG6I1ZCGQRefkRVhuOkIGVne7BQ35DSfo1qvJqFg==}
    engines: {node: '>=0.8.0'}
    dev: false

  /has-flag/3.0.0:
    resolution: {integrity: sha512-sKJf1+ceQBr4SMkvQnBDNDtf4TXpVhVGateu0t918bl30FnbE2m4vNLX+VWe/dpjlb+HugGYzW7uQXH98HPEYw==}
    engines: {node: '>=4'}
    dev: false

  /leven/2.1.0:
    resolution: {integrity: sha512-nvVPLpIHUxCUoRLrFqTgSxXJ614d8AgQoWl7zPe/2VadE8+1dpU3LBhowRuBAcuwruWtOdD8oYC9jDNJjXDPyA==}
    engines: {node: '>=0.10.0'}
    dev: false

  /mri/1.1.4:
    resolution: {integrity: sha512-6y7IjGPm8AzlvoUrwAaw1tLnUBudaS3752vcd8JtrpGGQn+rXIe63LFVHm/YMwtqAuh+LJPCFdlLYPWM1nYn6w==}
    engines: {node: '>=4'}
    dev: false

  /ms/2.1.2:
    resolution: {integrity: sha512-sGkPx+VjMtmA6MX27oA4FBFELFCZZ4S4XqeGOXCv68tT+jb3vk/RyaKWP0PTKyWtmLSM0b+adUTEvbs1PEaH2w==}
    dev: false

  /proxy/1.0.2:
    resolution: {integrity: sha512-KNac2ueWRpjbUh77OAFPZuNdfEqNynm9DD4xHT14CccGpW8wKZwEkN0yjlb7X9G9Z9F55N0Q+1z+WfgAhwYdzQ==}
    hasBin: true
    dependencies:
      args: 5.0.1
      basic-auth-parser: 0.0.2
      debug: 4.3.4
    transitivePeerDependencies:
      - supports-color
    dev: false

  /supports-color/5.5.0:
    resolution: {integrity: sha512-QjVjwdXIt408MIiAqCX4oUKsgU2EqAGzs2Ppkm4aQYbjm+ZEWEcW4SfFNTr4uMNZma0ey4f5lgLrkB0aX0QMow==}
    engines: {node: '>=4'}
    dependencies:
      has-flag: 3.0.0
    dev: false
